// !$*UTF8*$!
{
	archiveVersion = 1;
	classes = {
	};
	objectVersion = 46;
	objects = {

/* Begin PBXBuildFile section */
		60AA7DF81F3EC4A4008755F7 /* main.m in Sources */ = {isa = PBXBuildFile; fileRef = 60AA7DF71F3EC4A4008755F7 /* main.m */; };
		60AA7DFB1F3EC4A4008755F7 /* AppDelegate.m in Sources */ = {isa = PBXBuildFile; fileRef = 60AA7DFA1F3EC4A4008755F7 /* AppDelegate.m */; };
		60AA7DFE1F3EC4A4008755F7 /* ViewController.m in Sources */ = {isa = PBXBuildFile; fileRef = 60AA7DFD1F3EC4A4008755F7 /* ViewController.m */; };
		60AA7E011F3EC4A4008755F7 /* Main.storyboard in Resources */ = {isa = PBXBuildFile; fileRef = 60AA7DFF1F3EC4A4008755F7 /* Main.storyboard */; };
		60AA7E031F3EC4A4008755F7 /* Assets.xcassets in Resources */ = {isa = PBXBuildFile; fileRef = 60AA7E021F3EC4A4008755F7 /* Assets.xcassets */; };
		60AA7E061F3EC4A4008755F7 /* LaunchScreen.storyboard in Resources */ = {isa = PBXBuildFile; fileRef = 60AA7E041F3EC4A4008755F7 /* LaunchScreen.storyboard */; };
		60AA7E111F3EC4A4008755F7 /* ZJAnimationPopViewDemoTests.m in Sources */ = {isa = PBXBuildFile; fileRef = 60AA7E101F3EC4A4008755F7 /* ZJAnimationPopViewDemoTests.m */; };
		60AA7E1C1F3EC4A4008755F7 /* ZJAnimationPopViewDemoUITests.m in Sources */ = {isa = PBXBuildFile; fileRef = 60AA7E1B1F3EC4A4008755F7 /* ZJAnimationPopViewDemoUITests.m */; };
		9A13EA521F43F13A00F8F4EE /* personal_info_01.png in Resources */ = {isa = PBXBuildFile; fileRef = 9A13EA4F1F43F13A00F8F4EE /* personal_info_01.png */; };
		9A13EA531F43F13A00F8F4EE /* personal_info_02.png in Resources */ = {isa = PBXBuildFile; fileRef = 9A13EA501F43F13A00F8F4EE /* personal_info_02.png */; };
		9A13EA541F43F13A00F8F4EE /* personal_info_03.png in Resources */ = {isa = PBXBuildFile; fileRef = 9A13EA511F43F13A00F8F4EE /* personal_info_03.png */; };
		9A13EA6D1F44479200F8F4EE /* PersonalInfoPopView.m in Sources */ = {isa = PBXBuildFile; fileRef = 9A13EA621F44479100F8F4EE /* PersonalInfoPopView.m */; };
		9A13EA6E1F44479200F8F4EE /* PersonalInfoPopView.xib in Resources */ = {isa = PBXBuildFile; fileRef = 9A13EA631F44479100F8F4EE /* PersonalInfoPopView.xib */; };
		9A13EA6F1F44479200F8F4EE /* SlideSelectCardView.m in Sources */ = {isa = PBXBuildFile; fileRef = 9A13EA651F44479100F8F4EE /* SlideSelectCardView.m */; };
		9A13EA701F44479200F8F4EE /* SlideSelectCardView.xib in Resources */ = {isa = PBXBuildFile; fileRef = 9A13EA661F44479100F8F4EE /* SlideSelectCardView.xib */; };
		9A13EA711F44479200F8F4EE /* ZJAlertView.m in Sources */ = {isa = PBXBuildFile; fileRef = 9A13EA681F44479200F8F4EE /* ZJAlertView.m */; };
		9A13EA721F44479200F8F4EE /* ZJAlertView.xib in Resources */ = {isa = PBXBuildFile; fileRef = 9A13EA691F44479200F8F4EE /* ZJAlertView.xib */; };
		9A13EA731F44479200F8F4EE /* ZJXibFoctory.m in Sources */ = {isa = PBXBuildFile; fileRef = 9A13EA6B1F44479200F8F4EE /* ZJXibFoctory.m */; };
		9A13EA741F44479200F8F4EE /* ZJXibFoctory.xib in Resources */ = {isa = PBXBuildFile; fileRef = 9A13EA6C1F44479200F8F4EE /* ZJXibFoctory.xib */; };
		9ABC75962240FCEA00730C94 /* ZJAnimationPopView.m in Sources */ = {isa = PBXBuildFile; fileRef = 9ABC75952240FCEA00730C94 /* ZJAnimationPopView.m */; };
/* End PBXBuildFile section */

/* Begin PBXContainerItemProxy section */
		60AA7E0D1F3EC4A4008755F7 /* PBXContainerItemProxy */ = {
			isa = PBXContainerItemProxy;
			containerPortal = 60AA7DEB1F3EC4A4008755F7 /* Project object */;
			proxyType = 1;
			remoteGlobalIDString = 60AA7DF21F3EC4A4008755F7;
			remoteInfo = ZJAnimationPopViewDemo;
		};
		60AA7E181F3EC4A4008755F7 /* PBXContainerItemProxy */ = {
			isa = PBXContainerItemProxy;
			containerPortal = 60AA7DEB1F3EC4A4008755F7 /* Project object */;
			proxyType = 1;
			remoteGlobalIDString = 60AA7DF21F3EC4A4008755F7;
			remoteInfo = ZJAnimationPopViewDemo;
		};
/* End PBXContainerItemProxy section */

/* Begin PBXFileReference section */
		60AA7DF31F3EC4A4008755F7 /* ZJAnimationPopViewDemo.app */ = {isa = PBXFileReference; explicitFileType = wrapper.application; includeInIndex = 0; path = ZJAnimationPopViewDemo.app; sourceTree = BUILT_PRODUCTS_DIR; };
		60AA7DF71F3EC4A4008755F7 /* main.m */ = {isa = PBXFileReference; lastKnownFileType = sourcecode.c.objc; path = main.m; sourceTree = "<group>"; };
		60AA7DF91F3EC4A4008755F7 /* AppDelegate.h */ = {isa = PBXFileReference; lastKnownFileType = sourcecode.c.h; path = AppDelegate.h; sourceTree = "<group>"; };
		60AA7DFA1F3EC4A4008755F7 /* AppDelegate.m */ = {isa = PBXFileReference; lastKnownFileType = sourcecode.c.objc; path = AppDelegate.m; sourceTree = "<group>"; };
		60AA7DFC1F3EC4A4008755F7 /* ViewController.h */ = {isa = PBXFileReference; lastKnownFileType = sourcecode.c.h; path = ViewController.h; sourceTree = "<group>"; };
		60AA7DFD1F3EC4A4008755F7 /* ViewController.m */ = {isa = PBXFileReference; lastKnownFileType = sourcecode.c.objc; path = ViewController.m; sourceTree = "<group>"; };
		60AA7E001F3EC4A4008755F7 /* Base */ = {isa = PBXFileReference; lastKnownFileType = file.storyboard; name = Base; path = Base.lproj/Main.storyboard; sourceTree = "<group>"; };
		60AA7E021F3EC4A4008755F7 /* Assets.xcassets */ = {isa = PBXFileReference; lastKnownFileType = folder.assetcatalog; path = Assets.xcassets; sourceTree = "<group>"; };
		60AA7E051F3EC4A4008755F7 /* Base */ = {isa = PBXFileReference; lastKnownFileType = file.storyboard; name = Base; path = Base.lproj/LaunchScreen.storyboard; sourceTree = "<group>"; };
		60AA7E071F3EC4A4008755F7 /* Info.plist */ = {isa = PBXFileReference; lastKnownFileType = text.plist.xml; path = Info.plist; sourceTree = "<group>"; };
		60AA7E0C1F3EC4A4008755F7 /* ZJAnimationPopViewDemoTests.xctest */ = {isa = PBXFileReference; explicitFileType = wrapper.cfbundle; includeInIndex = 0; path = ZJAnimationPopViewDemoTests.xctest; sourceTree = BUILT_PRODUCTS_DIR; };
		60AA7E101F3EC4A4008755F7 /* ZJAnimationPopViewDemoTests.m */ = {isa = PBXFileReference; lastKnownFileType = sourcecode.c.objc; path = ZJAnimationPopViewDemoTests.m; sourceTree = "<group>"; };
		60AA7E121F3EC4A4008755F7 /* Info.plist */ = {isa = PBXFileReference; lastKnownFileType = text.plist.xml; path = Info.plist; sourceTree = "<group>"; };
		60AA7E171F3EC4A4008755F7 /* ZJAnimationPopViewDemoUITests.xctest */ = {isa = PBXFileReference; explicitFileType = wrapper.cfbundle; includeInIndex = 0; path = ZJAnimationPopViewDemoUITests.xctest; sourceTree = BUILT_PRODUCTS_DIR; };
		60AA7E1B1F3EC4A4008755F7 /* ZJAnimationPopViewDemoUITests.m */ = {isa = PBXFileReference; lastKnownFileType = sourcecode.c.objc; path = ZJAnimationPopViewDemoUITests.m; sourceTree = "<group>"; };
		60AA7E1D1F3EC4A4008755F7 /* Info.plist */ = {isa = PBXFileReference; lastKnownFileType = text.plist.xml; path = Info.plist; sourceTree = "<group>"; };
		9A13EA4F1F43F13A00F8F4EE /* personal_info_01.png */ = {isa = PBXFileReference; lastKnownFileType = image.png; path = personal_info_01.png; sourceTree = "<group>"; };
		9A13EA501F43F13A00F8F4EE /* personal_info_02.png */ = {isa = PBXFileReference; lastKnownFileType = image.png; path = personal_info_02.png; sourceTree = "<group>"; };
		9A13EA511F43F13A00F8F4EE /* personal_info_03.png */ = {isa = PBXFileReference; lastKnownFileType = image.png; path = personal_info_03.png; sourceTree = "<group>"; };
		9A13EA611F44479100F8F4EE /* PersonalInfoPopView.h */ = {isa = PBXFileReference; fileEncoding = 4; lastKnownFileType = sourcecode.c.h; path = PersonalInfoPopView.h; sourceTree = "<group>"; };
		9A13EA621F44479100F8F4EE /* PersonalInfoPopView.m */ = {isa = PBXFileReference; fileEncoding = 4; lastKnownFileType = sourcecode.c.objc; path = PersonalInfoPopView.m; sourceTree = "<group>"; };
		9A13EA631F44479100F8F4EE /* PersonalInfoPopView.xib */ = {isa = PBXFileReference; fileEncoding = 4; lastKnownFileType = file.xib; path = PersonalInfoPopView.xib; sourceTree = "<group>"; };
		9A13EA641F44479100F8F4EE /* SlideSelectCardView.h */ = {isa = PBXFileReference; fileEncoding = 4; lastKnownFileType = sourcecode.c.h; path = SlideSelectCardView.h; sourceTree = "<group>"; };
		9A13EA651F44479100F8F4EE /* SlideSelectCardView.m */ = {isa = PBXFileReference; fileEncoding = 4; lastKnownFileType = sourcecode.c.objc; path = SlideSelectCardView.m; sourceTree = "<group>"; };
		9A13EA661F44479100F8F4EE /* SlideSelectCardView.xib */ = {isa = PBXFileReference; fileEncoding = 4; lastKnownFileType = file.xib; path = SlideSelectCardView.xib; sourceTree = "<group>"; };
		9A13EA671F44479100F8F4EE /* ZJAlertView.h */ = {isa = PBXFileReference; fileEncoding = 4; lastKnownFileType = sourcecode.c.h; path = ZJAlertView.h; sourceTree = "<group>"; };
		9A13EA681F44479200F8F4EE /* ZJAlertView.m */ = {isa = PBXFileReference; fileEncoding = 4; lastKnownFileType = sourcecode.c.objc; path = ZJAlertView.m; sourceTree = "<group>"; };
		9A13EA691F44479200F8F4EE /* ZJAlertView.xib */ = {isa = PBXFileReference; fileEncoding = 4; lastKnownFileType = file.xib; path = ZJAlertView.xib; sourceTree = "<group>"; };
		9A13EA6A1F44479200F8F4EE /* ZJXibFoctory.h */ = {isa = PBXFileReference; fileEncoding = 4; lastKnownFileType = sourcecode.c.h; path = ZJXibFoctory.h; sourceTree = "<group>"; };
		9A13EA6B1F44479200F8F4EE /* ZJXibFoctory.m */ = {isa = PBXFileReference; fileEncoding = 4; lastKnownFileType = sourcecode.c.objc; path = ZJXibFoctory.m; sourceTree = "<group>"; };
		9A13EA6C1F44479200F8F4EE /* ZJXibFoctory.xib */ = {isa = PBXFileReference; fileEncoding = 4; lastKnownFileType = file.xib; path = ZJXibFoctory.xib; sourceTree = "<group>"; };
		9ABC75942240FCEA00730C94 /* ZJAnimationPopView.h */ = {isa = PBXFileReference; fileEncoding = 4; lastKnownFileType = sourcecode.c.h; path = ZJAnimationPopView.h; sourceTree = "<group>"; };
		9ABC75952240FCEA00730C94 /* ZJAnimationPopView.m */ = {isa = PBXFileReference; fileEncoding = 4; lastKnownFileType = sourcecode.c.objc; path = ZJAnimationPopView.m; sourceTree = "<group>"; };
/* End PBXFileReference section */

/* Begin PBXFrameworksBuildPhase section */
		60AA7DF01F3EC4A4008755F7 /* Frameworks */ = {
			isa = PBXFrameworksBuildPhase;
			buildActionMask = 2147483647;
			files = (
			);
			runOnlyForDeploymentPostprocessing = 0;
		};
		60AA7E091F3EC4A4008755F7 /* Frameworks */ = {
			isa = PBXFrameworksBuildPhase;
			buildActionMask = 2147483647;
			files = (
			);
			runOnlyForDeploymentPostprocessing = 0;
		};
		60AA7E141F3EC4A4008755F7 /* Frameworks */ = {
			isa = PBXFrameworksBuildPhase;
			buildActionMask = 2147483647;
			files = (
			);
			runOnlyForDeploymentPostprocessing = 0;
		};
/* End PBXFrameworksBuildPhase section */

/* Begin PBXGroup section */
		60AA7DEA1F3EC4A4008755F7 = {
			isa = PBXGroup;
			children = (
				60AA7DF51F3EC4A4008755F7 /* ZJAnimationPopViewDemo */,
				60AA7E0F1F3EC4A4008755F7 /* ZJAnimationPopViewDemoTests */,
				60AA7E1A1F3EC4A4008755F7 /* ZJAnimationPopViewDemoUITests */,
				60AA7DF41F3EC4A4008755F7 /* Products */,
			);
			sourceTree = "<group>";
		};
		60AA7DF41F3EC4A4008755F7 /* Products */ = {
			isa = PBXGroup;
			children = (
				60AA7DF31F3EC4A4008755F7 /* ZJAnimationPopViewDemo.app */,
				60AA7E0C1F3EC4A4008755F7 /* ZJAnimationPopViewDemoTests.xctest */,
				60AA7E171F3EC4A4008755F7 /* ZJAnimationPopViewDemoUITests.xctest */,
			);
			name = Products;
			sourceTree = "<group>";
		};
		60AA7DF51F3EC4A4008755F7 /* ZJAnimationPopViewDemo */ = {
			isa = PBXGroup;
			children = (
				9ABC75932240FCEA00730C94 /* ZJAnimationPopView */,
				9A13EA601F44479100F8F4EE /* DemoView */,
				9A1D78181F42CEAD00BE6DDA /* Resource */,
				60AA7DF91F3EC4A4008755F7 /* AppDelegate.h */,
				60AA7DFA1F3EC4A4008755F7 /* AppDelegate.m */,
				60AA7DFC1F3EC4A4008755F7 /* ViewController.h */,
				60AA7DFD1F3EC4A4008755F7 /* ViewController.m */,
				60AA7DFF1F3EC4A4008755F7 /* Main.storyboard */,
				60AA7E021F3EC4A4008755F7 /* Assets.xcassets */,
				60AA7E041F3EC4A4008755F7 /* LaunchScreen.storyboard */,
				60AA7E071F3EC4A4008755F7 /* Info.plist */,
				60AA7DF61F3EC4A4008755F7 /* Supporting Files */,
			);
			path = ZJAnimationPopViewDemo;
			sourceTree = "<group>";
		};
		60AA7DF61F3EC4A4008755F7 /* Supporting Files */ = {
			isa = PBXGroup;
			children = (
				60AA7DF71F3EC4A4008755F7 /* main.m */,
			);
			name = "Supporting Files";
			sourceTree = "<group>";
		};
		60AA7E0F1F3EC4A4008755F7 /* ZJAnimationPopViewDemoTests */ = {
			isa = PBXGroup;
			children = (
				60AA7E101F3EC4A4008755F7 /* ZJAnimationPopViewDemoTests.m */,
				60AA7E121F3EC4A4008755F7 /* Info.plist */,
			);
			path = ZJAnimationPopViewDemoTests;
			sourceTree = "<group>";
		};
		60AA7E1A1F3EC4A4008755F7 /* ZJAnimationPopViewDemoUITests */ = {
			isa = PBXGroup;
			children = (
				60AA7E1B1F3EC4A4008755F7 /* ZJAnimationPopViewDemoUITests.m */,
				60AA7E1D1F3EC4A4008755F7 /* Info.plist */,
			);
			path = ZJAnimationPopViewDemoUITests;
			sourceTree = "<group>";
		};
		9A13EA601F44479100F8F4EE /* DemoView */ = {
			isa = PBXGroup;
			children = (
				9A13EA611F44479100F8F4EE /* PersonalInfoPopView.h */,
				9A13EA621F44479100F8F4EE /* PersonalInfoPopView.m */,
				9A13EA631F44479100F8F4EE /* PersonalInfoPopView.xib */,
				9A13EA641F44479100F8F4EE /* SlideSelectCardView.h */,
				9A13EA651F44479100F8F4EE /* SlideSelectCardView.m */,
				9A13EA661F44479100F8F4EE /* SlideSelectCardView.xib */,
				9A13EA671F44479100F8F4EE /* ZJAlertView.h */,
				9A13EA681F44479200F8F4EE /* ZJAlertView.m */,
				9A13EA691F44479200F8F4EE /* ZJAlertView.xib */,
				9A13EA6A1F44479200F8F4EE /* ZJXibFoctory.h */,
				9A13EA6B1F44479200F8F4EE /* ZJXibFoctory.m */,
				9A13EA6C1F44479200F8F4EE /* ZJXibFoctory.xib */,
			);
			path = DemoView;
			sourceTree = "<group>";
		};
		9A1D78181F42CEAD00BE6DDA /* Resource */ = {
			isa = PBXGroup;
			children = (
				9A13EA4F1F43F13A00F8F4EE /* personal_info_01.png */,
				9A13EA501F43F13A00F8F4EE /* personal_info_02.png */,
				9A13EA511F43F13A00F8F4EE /* personal_info_03.png */,
			);
			path = Resource;
			sourceTree = "<group>";
		};
		9ABC75932240FCEA00730C94 /* ZJAnimationPopView */ = {
			isa = PBXGroup;
			children = (
				9ABC75942240FCEA00730C94 /* ZJAnimationPopView.h */,
				9ABC75952240FCEA00730C94 /* ZJAnimationPopView.m */,
			);
			path = ZJAnimationPopView;
			sourceTree = SOURCE_ROOT;
		};
/* End PBXGroup section */

/* Begin PBXNativeTarget section */
		60AA7DF21F3EC4A4008755F7 /* ZJAnimationPopViewDemo */ = {
			isa = PBXNativeTarget;
			buildConfigurationList = 60AA7E201F3EC4A4008755F7 /* Build configuration list for PBXNativeTarget "ZJAnimationPopViewDemo" */;
			buildPhases = (
				60AA7DEF1F3EC4A4008755F7 /* Sources */,
				60AA7DF01F3EC4A4008755F7 /* Frameworks */,
				60AA7DF11F3EC4A4008755F7 /* Resources */,
			);
			buildRules = (
			);
			dependencies = (
			);
			name = ZJAnimationPopViewDemo;
			productName = ZJAnimationPopViewDemo;
			productReference = 60AA7DF31F3EC4A4008755F7 /* ZJAnimationPopViewDemo.app */;
			productType = "com.apple.product-type.application";
		};
		60AA7E0B1F3EC4A4008755F7 /* ZJAnimationPopViewDemoTests */ = {
			isa = PBXNativeTarget;
			buildConfigurationList = 60AA7E231F3EC4A4008755F7 /* Build configuration list for PBXNativeTarget "ZJAnimationPopViewDemoTests" */;
			buildPhases = (
				60AA7E081F3EC4A4008755F7 /* Sources */,
				60AA7E091F3EC4A4008755F7 /* Frameworks */,
				60AA7E0A1F3EC4A4008755F7 /* Resources */,
			);
			buildRules = (
			);
			dependencies = (
				60AA7E0E1F3EC4A4008755F7 /* PBXTargetDependency */,
			);
			name = ZJAnimationPopViewDemoTests;
			productName = ZJAnimationPopViewDemoTests;
			productReference = 60AA7E0C1F3EC4A4008755F7 /* ZJAnimationPopViewDemoTests.xctest */;
			productType = "com.apple.product-type.bundle.unit-test";
		};
		60AA7E161F3EC4A4008755F7 /* ZJAnimationPopViewDemoUITests */ = {
			isa = PBXNativeTarget;
			buildConfigurationList = 60AA7E261F3EC4A4008755F7 /* Build configuration list for PBXNativeTarget "ZJAnimationPopViewDemoUITests" */;
			buildPhases = (
				60AA7E131F3EC4A4008755F7 /* Sources */,
				60AA7E141F3EC4A4008755F7 /* Frameworks */,
				60AA7E151F3EC4A4008755F7 /* Resources */,
			);
			buildRules = (
			);
			dependencies = (
				60AA7E191F3EC4A4008755F7 /* PBXTargetDependency */,
			);
			name = ZJAnimationPopViewDemoUITests;
			productName = ZJAnimationPopViewDemoUITests;
			productReference = 60AA7E171F3EC4A4008755F7 /* ZJAnimationPopViewDemoUITests.xctest */;
			productType = "com.apple.product-type.bundle.ui-testing";
		};
/* End PBXNativeTarget section */

/* Begin PBXProject section */
		60AA7DEB1F3EC4A4008755F7 /* Project object */ = {
			isa = PBXProject;
			attributes = {
				LastUpgradeCheck = 0830;
				ORGANIZATIONNAME = Abnerzj;
				TargetAttributes = {
					60AA7DF21F3EC4A4008755F7 = {
						CreatedOnToolsVersion = 8.3.3;
						DevelopmentTeam = AJ9F2AA42Q;
						ProvisioningStyle = Automatic;
					};
					60AA7E0B1F3EC4A4008755F7 = {
						CreatedOnToolsVersion = 8.3.3;
						ProvisioningStyle = Automatic;
						TestTargetID = 60AA7DF21F3EC4A4008755F7;
					};
					60AA7E161F3EC4A4008755F7 = {
						CreatedOnToolsVersion = 8.3.3;
						ProvisioningStyle = Automatic;
						TestTargetID = 60AA7DF21F3EC4A4008755F7;
					};
				};
			};
			buildConfigurationList = 60AA7DEE1F3EC4A4008755F7 /* Build configuration list for PBXProject "ZJAnimationPopViewDemo" */;
			compatibilityVersion = "Xcode 3.2";
			developmentRegion = English;
			hasScannedForEncodings = 0;
			knownRegions = (
				en,
				Base,
			);
			mainGroup = 60AA7DEA1F3EC4A4008755F7;
			productRefGroup = 60AA7DF41F3EC4A4008755F7 /* Products */;
			projectDirPath = "";
			projectRoot = "";
			targets = (
				60AA7DF21F3EC4A4008755F7 /* ZJAnimationPopViewDemo */,
				60AA7E0B1F3EC4A4008755F7 /* ZJAnimationPopViewDemoTests */,
				60AA7E161F3EC4A4008755F7 /* ZJAnimationPopViewDemoUITests */,
			);
		};
/* End PBXProject section */

/* Begin PBXResourcesBuildPhase section */
		60AA7DF11F3EC4A4008755F7 /* Resources */ = {
			isa = PBXResourcesBuildPhase;
			buildActionMask = 2147483647;
			files = (
				9A13EA521F43F13A00F8F4EE /* personal_info_01.png in Resources */,
				9A13EA6E1F44479200F8F4EE /* PersonalInfoPopView.xib in Resources */,
				60AA7E061F3EC4A4008755F7 /* LaunchScreen.storyboard in Resources */,
				60AA7E031F3EC4A4008755F7 /* Assets.xcassets in Resources */,
				9A13EA741F44479200F8F4EE /* ZJXibFoctory.xib in Resources */,
				9A13EA541F43F13A00F8F4EE /* personal_info_03.png in Resources */,
				60AA7E011F3EC4A4008755F7 /* Main.storyboard in Resources */,
				9A13EA721F44479200F8F4EE /* ZJAlertView.xib in Resources */,
				9A13EA701F44479200F8F4EE /* SlideSelectCardView.xib in Resources */,
				9A13EA531F43F13A00F8F4EE /* personal_info_02.png in Resources */,
			);
			runOnlyForDeploymentPostprocessing = 0;
		};
		60AA7E0A1F3EC4A4008755F7 /* Resources */ = {
			isa = PBXResourcesBuildPhase;
			buildActionMask = 2147483647;
			files = (
			);
			runOnlyForDeploymentPostprocessing = 0;
		};
		60AA7E151F3EC4A4008755F7 /* Resources */ = {
			isa = PBXResourcesBuildPhase;
			buildActionMask = 2147483647;
			files = (
			);
			runOnlyForDeploymentPostprocessing = 0;
		};
/* End PBXResourcesBuildPhase section */

/* Begin PBXSourcesBuildPhase section */
		60AA7DEF1F3EC4A4008755F7 /* Sources */ = {
			isa = PBXSourcesBuildPhase;
			buildActionMask = 2147483647;
			files = (
				60AA7DFE1F3EC4A4008755F7 /* ViewController.m in Sources */,
				9A13EA6F1F44479200F8F4EE /* SlideSelectCardView.m in Sources */,
				9A13EA711F44479200F8F4EE /* ZJAlertView.m in Sources */,
				9A13EA6D1F44479200F8F4EE /* PersonalInfoPopView.m in Sources */,
				60AA7DFB1F3EC4A4008755F7 /* AppDelegate.m in Sources */,
				9ABC75962240FCEA00730C94 /* ZJAnimationPopView.m in Sources */,
				9A13EA731F44479200F8F4EE /* ZJXibFoctory.m in Sources */,
				60AA7DF81F3EC4A4008755F7 /* main.m in Sources */,
			);
			runOnlyForDeploymentPostprocessing = 0;
		};
		60AA7E081F3EC4A4008755F7 /* Sources */ = {
			isa = PBXSourcesBuildPhase;
			buildActionMask = 2147483647;
			files = (
				60AA7E111F3EC4A4008755F7 /* ZJAnimationPopViewDemoTests.m in Sources */,
			);
			runOnlyForDeploymentPostprocessing = 0;
		};
		60AA7E131F3EC4A4008755F7 /* Sources */ = {
			isa = PBXSourcesBuildPhase;
			buildActionMask = 2147483647;
			files = (
				60AA7E1C1F3EC4A4008755F7 /* ZJAnimationPopViewDemoUITests.m in Sources */,
			);
			runOnlyForDeploymentPostprocessing = 0;
		};
/* End PBXSourcesBuildPhase section */

/* Begin PBXTargetDependency section */
		60AA7E0E1F3EC4A4008755F7 /* PBXTargetDependency */ = {
			isa = PBXTargetDependency;
			target = 60AA7DF21F3EC4A4008755F7 /* ZJAnimationPopViewDemo */;
			targetProxy = 60AA7E0D1F3EC4A4008755F7 /* PBXContainerItemProxy */;
		};
		60AA7E191F3EC4A4008755F7 /* PBXTargetDependency */ = {
			isa = PBXTargetDependency;
			target = 60AA7DF21F3EC4A4008755F7 /* ZJAnimationPopViewDemo */;
			targetProxy = 60AA7E181F3EC4A4008755F7 /* PBXContainerItemProxy */;
		};
/* End PBXTargetDependency section */

/* Begin PBXVariantGroup section */
		60AA7DFF1F3EC4A4008755F7 /* Main.storyboard */ = {
			isa = PBXVariantGroup;
			children = (
				60AA7E001F3EC4A4008755F7 /* Base */,
			);
			name = Main.storyboard;
			sourceTree = "<group>";
		};
		60AA7E041F3EC4A4008755F7 /* LaunchScreen.storyboard */ = {
			isa = PBXVariantGroup;
			children = (
				60AA7E051F3EC4A4008755F7 /* Base */,
			);
			name = LaunchScreen.storyboard;
			sourceTree = "<group>";
		};
/* End PBXVariantGroup section */

/* Begin XCBuildConfiguration section */
		60AA7E1E1F3EC4A4008755F7 /* Debug */ = {
			isa = XCBuildConfiguration;
			buildSettings = {
				ALWAYS_SEARCH_USER_PATHS = NO;
				CLANG_ANALYZER_NONNULL = YES;
				CLANG_ANALYZER_NUMBER_OBJECT_CONVERSION = YES_AGGRESSIVE;
				CLANG_CXX_LANGUAGE_STANDARD = "gnu++0x";
				CLANG_CXX_LIBRARY = "libc++";
				CLANG_ENABLE_MODULES = YES;
				CLANG_ENABLE_OBJC_ARC = YES;
				CLANG_WARN_BOOL_CONVERSION = YES;
				CLANG_WARN_CONSTANT_CONVERSION = YES;
				CLANG_WARN_DIRECT_OBJC_ISA_USAGE = YES_ERROR;
				CLANG_WARN_DOCUMENTATION_COMMENTS = YES;
				CLANG_WARN_EMPTY_BODY = YES;
				CLANG_WARN_ENUM_CONVERSION = YES;
				CLANG_WARN_INFINITE_RECURSION = YES;
				CLANG_WARN_INT_CONVERSION = YES;
				CLANG_WARN_OBJC_ROOT_CLASS = YES_ERROR;
				CLANG_WARN_SUSPICIOUS_MOVE = YES;
				CLANG_WARN_UNREACHABLE_CODE = YES;
				CLANG_WARN__DUPLICATE_METHOD_MATCH = YES;
				"CODE_SIGN_IDENTITY[sdk=iphoneos*]" = "iPhone Developer";
				COPY_PHASE_STRIP = NO;
				DEBUG_INFORMATION_FORMAT = dwarf;
				ENABLE_STRICT_OBJC_MSGSEND = YES;
				ENABLE_TESTABILITY = YES;
				GCC_C_LANGUAGE_STANDARD = gnu99;
				GCC_DYNAMIC_NO_PIC = NO;
				GCC_NO_COMMON_BLOCKS = YES;
				GCC_OPTIMIZATION_LEVEL = 0;
				GCC_PREPROCESSOR_DEFINITIONS = (
					"DEBUG=1",
					"$(inherited)",
				);
				GCC_WARN_64_TO_32_BIT_CONVERSION = YES;
				GCC_WARN_ABOUT_RETURN_TYPE = YES_ERROR;
				GCC_WARN_UNDECLARED_SELECTOR = YES;
				GCC_WARN_UNINITIALIZED_AUTOS = YES_AGGRESSIVE;
				GCC_WARN_UNUSED_FUNCTION = YES;
				GCC_WARN_UNUSED_VARIABLE = YES;
				IPHONEOS_DEPLOYMENT_TARGET = 10.3;
				MTL_ENABLE_DEBUG_INFO = YES;
				ONLY_ACTIVE_ARCH = YES;
				SDKROOT = iphoneos;
				TARGETED_DEVICE_FAMILY = "1,2";
			};
			name = Debug;
		};
		60AA7E1F1F3EC4A4008755F7 /* Release */ = {
			isa = XCBuildConfiguration;
			buildSettings = {
				ALWAYS_SEARCH_USER_PATHS = NO;
				CLANG_ANALYZER_NONNULL = YES;
				CLANG_ANALYZER_NUMBER_OBJECT_CONVERSION = YES_AGGRESSIVE;
				CLANG_CXX_LANGUAGE_STANDARD = "gnu++0x";
				CLANG_CXX_LIBRARY = "libc++";
				CLANG_ENABLE_MODULES = YES;
				CLANG_ENABLE_OBJC_ARC = YES;
				CLANG_WARN_BOOL_CONVERSION = YES;
				CLANG_WARN_CONSTANT_CONVERSION = YES;
				CLANG_WARN_DIRECT_OBJC_ISA_USAGE = YES_ERROR;
				CLANG_WARN_DOCUMENTATION_COMMENTS = YES;
				CLANG_WARN_EMPTY_BODY = YES;
				CLANG_WARN_ENUM_CONVERSION = YES;
				CLANG_WARN_INFINITE_RECURSION = YES;
				CLANG_WARN_INT_CONVERSION = YES;
				CLANG_WARN_OBJC_ROOT_CLASS = YES_ERROR;
				CLANG_WARN_SUSPICIOUS_MOVE = YES;
				CLANG_WARN_UNREACHABLE_CODE = YES;
				CLANG_WARN__DUPLICATE_METHOD_MATCH = YES;
				"CODE_SIGN_IDENTITY[sdk=iphoneos*]" = "iPhone Developer";
				COPY_PHASE_STRIP = NO;
				DEBUG_INFORMATION_FORMAT = "dwarf-with-dsym";
				ENABLE_NS_ASSERTIONS = NO;
				ENABLE_STRICT_OBJC_MSGSEND = YES;
				GCC_C_LANGUAGE_STANDARD = gnu99;
				GCC_NO_COMMON_BLOCKS = YES;
				GCC_WARN_64_TO_32_BIT_CONVERSION = YES;
				GCC_WARN_ABOUT_RETURN_TYPE = YES_ERROR;
				GCC_WARN_UNDECLARED_SELECTOR = YES;
				GCC_WARN_UNINITIALIZED_AUTOS = YES_AGGRESSIVE;
				GCC_WARN_UNUSED_FUNCTION = YES;
				GCC_WARN_UNUSED_VARIABLE = YES;
				IPHONEOS_DEPLOYMENT_TARGET = 10.3;
				MTL_ENABLE_DEBUG_INFO = NO;
				SDKROOT = iphoneos;
				TARGETED_DEVICE_FAMILY = "1,2";
				VALIDATE_PRODUCT = YES;
			};
			name = Release;
		};
		60AA7E211F3EC4A4008755F7 /* Debug */ = {
			isa = XCBuildConfiguration;
			buildSettings = {
				ASSETCATALOG_COMPILER_APPICON_NAME = AppIcon;
				DEVELOPMENT_TEAM = AJ9F2AA42Q;
				INFOPLIST_FILE = ZJAnimationPopViewDemo/Info.plist;
				IPHONEOS_DEPLOYMENT_TARGET = 7.0;
				LD_RUNPATH_SEARCH_PATHS = "$(inherited) @executable_path/Frameworks";
				PRODUCT_BUNDLE_IDENTIFIER = abner.ZJAnimationPopViewDemo;
				PRODUCT_NAME = "$(TARGET_NAME)";
			};
			name = Debug;
		};
		60AA7E221F3EC4A4008755F7 /* Release */ = {
			isa = XCBuildConfiguration;
			buildSettings = {
				ASSETCATALOG_COMPILER_APPICON_NAME = AppIcon;
				DEVELOPMENT_TEAM = AJ9F2AA42Q;
				INFOPLIST_FILE = ZJAnimationPopViewDemo/Info.plist;
				IPHONEOS_DEPLOYMENT_TARGET = 7.0;
				LD_RUNPATH_SEARCH_PATHS = "$(inherited) @executable_path/Frameworks";
				PRODUCT_BUNDLE_IDENTIFIER = abner.ZJAnimationPopViewDemo;
				PRODUCT_NAME = "$(TARGET_NAME)";
			};
			name = Release;
		};
		60AA7E241F3EC4A4008755F7 /* Debug */ = {
			isa = XCBuildConfiguration;
			buildSettings = {
				BUNDLE_LOADER = "$(TEST_HOST)";
				INFOPLIST_FILE = ZJAnimationPopViewDemoTests/Info.plist;
				LD_RUNPATH_SEARCH_PATHS = "$(inherited) @executable_path/Frameworks @loader_path/Frameworks";
				PRODUCT_BUNDLE_IDENTIFIER = abner.ZJAnimationPopViewDemoTests;
				PRODUCT_NAME = "$(TARGET_NAME)";
				TEST_HOST = "$(BUILT_PRODUCTS_DIR)/ZJAnimationPopViewDemo.app/ZJAnimationPopViewDemo";
			};
			name = Debug;
		};
		60AA7E251F3EC4A4008755F7 /* Release */ = {
			isa = XCBuildConfiguration;
			buildSettings = {
				BUNDLE_LOADER = "$(TEST_HOST)";
				INFOPLIST_FILE = ZJAnimationPopViewDemoTests/Info.plist;
				LD_RUNPATH_SEARCH_PATHS = "$(inherited) @executable_path/Frameworks @loader_path/Frameworks";
				PRODUCT_BUNDLE_IDENTIFIER = abner.ZJAnimationPopViewDemoTests;
				PRODUCT_NAME = "$(TARGET_NAME)";
				TEST_HOST = "$(BUILT_PRODUCTS_DIR)/ZJAnimationPopViewDemo.app/ZJAnimationPopViewDemo";
			};
			name = Release;
		};
		60AA7E271F3EC4A4008755F7 /* Debug */ = {
			isa = XCBuildConfiguration;
			buildSettings = {
				INFOPLIST_FILE = ZJAnimationPopViewDemoUITests/Info.plist;
				LD_RUNPATH_SEARCH_PATHS = "$(inherited) @executable_path/Frameworks @loader_path/Frameworks";
				PRODUCT_BUNDLE_IDENTIFIER = abner.ZJAnimationPopViewDemoUITests;
				PRODUCT_NAME = "$(TARGET_NAME)";
				TEST_TARGET_NAME = ZJAnimationPopViewDemo;
			};
			name = Debug;
		};
		60AA7E281F3EC4A4008755F7 /* Release */ = {
			isa = XCBuildConfiguration;
			buildSettings = {
				INFOPLIST_FILE = ZJAnimationPopViewDemoUITests/Info.plist;
				LD_RUNPATH_SEARCH_PATHS = "$(inherited) @executable_path/Frameworks @loader_path/Frameworks";
				PRODUCT_BUNDLE_IDENTIFIER = abner.ZJAnimationPopViewDemoUITests;
				PRODUCT_NAME = "$(TARGET_NAME)";
				TEST_TARGET_NAME = ZJAnimationPopViewDemo;
			};
			name = Release;
		};
/* End XCBuildConfiguration section */

/* Begin XCConfigurationList section */
		60AA7DEE1F3EC4A4008755F7 /* Build configuration list for PBXProject "ZJAnimationPopViewDemo" */ = {
			isa = XCConfigurationList;
			buildConfigurations = (
				60AA7E1E1F3EC4A4008755F7 /* Debug */,
				60AA7E1F1F3EC4A4008755F7 /* Release */,
			);
			defaultConfigurationIsVisible = 0;
			defaultConfigurationName = Release;
		};
		60AA7E201F3EC4A4008755F7 /* Build configuration list for PBXNativeTarget "ZJAnimationPopViewDemo" */ = {
			isa = XCConfigurationList;
			buildConfigurations = (
				60AA7E211F3EC4A4008755F7 /* Debug */,
				60AA7E221F3EC4A4008755F7 /* Release */,
			);
			defaultConfigurationIsVisible = 0;
			defaultConfigurationName = Release;
		};
		60AA7E231F3EC4A4008755F7 /* Build configuration list for PBXNativeTarget "ZJAnimationPopViewDemoTests" */ = {
			isa = XCConfigurationList;
			buildConfigurations = (
				60AA7E241F3EC4A4008755F7 /* Debug */,
				60AA7E251F3EC4A4008755F7 /* Release */,
			);
			defaultConfigurationIsVisible = 0;
			defaultConfigurationName = Release;
		};
		60AA7E261F3EC4A4008755F7 /* Build configuration list for PBXNativeTarget "ZJAnimationPopViewDemoUITests" */ = {
			isa = XCConfigurationList;
			buildConfigurations = (
				60AA7E271F3EC4A4008755F7 /* Debug */,
				60AA7E281F3EC4A4008755F7 /* Release */,
			);
			defaultConfigurationIsVisible = 0;
			defaultConfigurationName = Release;
		};
/* End XCConfigurationList section */
	};
	rootObject = 60AA7DEB1F3EC4A4008755F7 /* Project object */;
}
